
Microsoft Visual Studio Solution File, Format Version 12.00
# Visual Studio 2012
Project("{FAE04EC0-301F-11D3-BF4B-00C04F79EFBC}") = "Lucinq.SitecoreIntegration", "Lucinq.Sitecore\Lucinq.SitecoreIntegration.csproj", "{DDD54B05-9498-4A96-BBDC-8563F4FA44B6}"
EndProject
Project("{FAE04EC0-301F-11D3-BF4B-00C04F79EFBC}") = "Lucinq.SitecoreIntegration.UnitTests", "Lucinq.Sitecore.UnitTests\Lucinq.SitecoreIntegration.UnitTests.csproj", "{84C1B842-27B6-45ED-8063-1A27D687E1BD}"
EndProject
Global
	GlobalSection(SolutionConfigurationPlatforms) = preSolution
		Debug|Any CPU = Debug|Any CPU
		Release|Any CPU = Release|Any CPU
	EndGlobalSection
	GlobalSection(ProjectConfigurationPlatforms) = postSolution
		{DDD54B05-9498-4A96-BBDC-8563F4FA44B6}.Debug|Any CPU.ActiveCfg = Debug|Any CPU
		{DDD54B05-9498-4A96-BBDC-8563F4FA44B6}.Debug|Any CPU.Build.0 = Debug|Any CPU
		{DDD54B05-9498-4A96-BBDC-8563F4FA44B6}.Release|Any CPU.ActiveCfg = Release|Any CPU
		{DDD54B05-9498-4A96-BBDC-8563F4FA44B6}.Release|Any CPU.Build.0 = Release|Any CPU
		{84C1B842-27B6-45ED-8063-1A27D687E1BD}.Debug|Any CPU.ActiveCfg = Debug|Any CPU
		{84C1B842-27B6-45ED-8063-1A27D687E1BD}.Debug|Any CPU.Build.0 = Debug|Any CPU
		{84C1B842-27B6-45ED-8063-1A27D687E1BD}.Release|Any CPU.ActiveCfg = Release|Any CPU
		{84C1B842-27B6-45ED-8063-1A27D687E1BD}.Release|Any CPU.Build.0 = Release|Any CPU
	EndGlobalSection
	GlobalSection(SolutionProperties) = preSolution
		HideSolutionNode = FALSE
	EndGlobalSection
EndGlobal
